
Microsoft Visual Studio Solution File, Format Version 12.00
# Visual Studio Version 16
VisualStudioVersion = 16.0.29920.165
MinimumVisualStudioVersion = 10.0.40219.1
Project("{9A19103F-16F7-4668-BE54-9A1E7A4F7556}") = "ProjectManagementSystem.Api", "ProjectManagementSystem.Api\ProjectManagementSystem.Api.csproj", "{404B47A2-FBEE-401D-AF02-AB853ED42FB2}"
EndProject
Project("{9A19103F-16F7-4668-BE54-9A1E7A4F7556}") = "ProjectManagementSystem.Domain", "ProjectManagementSystem.Domain\ProjectManagementSystem.Domain.csproj", "{C6F40901-87A2-4FC4-A3C2-8D0B102BDF6D}"
EndProject
Project("{9A19103F-16F7-4668-BE54-9A1E7A4F7556}") = "ProjectManagementSystem.DataAccess", "ProjectManagementSystem.DataAccess\ProjectManagementSystem.DataAccess.csproj", "{EA868865-408F-4C00-B2D7-622AD6E67E3D}"
EndProject
Project("{2150E333-8FDC-42A3-9474-1A3956D46DE8}") = "Tests", "Tests", "{78D20E26-76F8-4B8B-B9E9-C780CB7147C2}"
EndProject
Project("{FAE04EC0-301F-11D3-BF4B-00C04F79EFBC}") = "ProjectManagementSystem.Domain.Tests.Unit", "ProjectManagementSystem.Domain.Tests.Unit\ProjectManagementSystem.Domain.Tests.Unit.csproj", "{B46878CD-FEAF-4549-A24E-EAE11FBBF8D9}"
EndProject
Global
	GlobalSection(SolutionConfigurationPlatforms) = preSolution
		Debug|Any CPU = Debug|Any CPU
		Release|Any CPU = Release|Any CPU
	EndGlobalSection
	GlobalSection(ProjectConfigurationPlatforms) = postSolution
		{404B47A2-FBEE-401D-AF02-AB853ED42FB2}.Debug|Any CPU.ActiveCfg = Debug|Any CPU
		{404B47A2-FBEE-401D-AF02-AB853ED42FB2}.Debug|Any CPU.Build.0 = Debug|Any CPU
		{404B47A2-FBEE-401D-AF02-AB853ED42FB2}.Release|Any CPU.ActiveCfg = Release|Any CPU
		{404B47A2-FBEE-401D-AF02-AB853ED42FB2}.Release|Any CPU.Build.0 = Release|Any CPU
		{C6F40901-87A2-4FC4-A3C2-8D0B102BDF6D}.Debug|Any CPU.ActiveCfg = Debug|Any CPU
		{C6F40901-87A2-4FC4-A3C2-8D0B102BDF6D}.Debug|Any CPU.Build.0 = Debug|Any CPU
		{C6F40901-87A2-4FC4-A3C2-8D0B102BDF6D}.Release|Any CPU.ActiveCfg = Release|Any CPU
		{C6F40901-87A2-4FC4-A3C2-8D0B102BDF6D}.Release|Any CPU.Build.0 = Release|Any CPU
		{EA868865-408F-4C00-B2D7-622AD6E67E3D}.Debug|Any CPU.ActiveCfg = Debug|Any CPU
		{EA868865-408F-4C00-B2D7-622AD6E67E3D}.Debug|Any CPU.Build.0 = Debug|Any CPU
		{EA868865-408F-4C00-B2D7-622AD6E67E3D}.Release|Any CPU.ActiveCfg = Release|Any CPU
		{EA868865-408F-4C00-B2D7-622AD6E67E3D}.Release|Any CPU.Build.0 = Release|Any CPU
		{B46878CD-FEAF-4549-A24E-EAE11FBBF8D9}.Debug|Any CPU.ActiveCfg = Debug|Any CPU
		{B46878CD-FEAF-4549-A24E-EAE11FBBF8D9}.Debug|Any CPU.Build.0 = Debug|Any CPU
		{B46878CD-FEAF-4549-A24E-EAE11FBBF8D9}.Release|Any CPU.ActiveCfg = Release|Any CPU
		{B46878CD-FEAF-4549-A24E-EAE11FBBF8D9}.Release|Any CPU.Build.0 = Release|Any CPU
	EndGlobalSection
	GlobalSection(SolutionProperties) = preSolution
		HideSolutionNode = FALSE
	EndGlobalSection
	GlobalSection(NestedProjects) = preSolution
		{B46878CD-FEAF-4549-A24E-EAE11FBBF8D9} = {78D20E26-76F8-4B8B-B9E9-C780CB7147C2}
	EndGlobalSection
	GlobalSection(ExtensibilityGlobals) = postSolution
		SolutionGuid = {2853A21B-9FDD-4FD3-812F-5E0CF5EBE6F7}
	EndGlobalSection
EndGlobal
